
Microsoft Visual Studio Solution File, Format Version 11.00
# Visual Studio 2010
Project("{FAE04EC0-301F-11D3-BF4B-00C04F79EFBC}") = "WpfApplication1", "WpfApplication1\WpfApplication1.csproj", "{AA47DF86-58AF-40ED-AF16-C7FA3A2E560D}"
EndProject
Project("{FAE04EC0-301F-11D3-BF4B-00C04F79EFBC}") = "ClassLibrary1", "ClassLibrary1\ClassLibrary1.csproj", "{06233917-67E7-4481-B918-77F8A9FC644F}"
EndProject
Global
	GlobalSection(SolutionConfigurationPlatforms) = preSolution
		Debug|Any CPU = Debug|Any CPU
		Debug|Mixed Platforms = Debug|Mixed Platforms
		Debug|x86 = Debug|x86
		Release|Any CPU = Release|Any CPU
		Release|Mixed Platforms = Release|Mixed Platforms
		Release|x86 = Release|x86
	EndGlobalSection
	GlobalSection(ProjectConfigurationPlatforms) = postSolution
		{AA47DF86-58AF-40ED-AF16-C7FA3A2E560D}.Debug|Any CPU.ActiveCfg = Debug|x86
		{AA47DF86-58AF-40ED-AF16-C7FA3A2E560D}.Debug|Mixed Platforms.ActiveCfg = Debug|x86
		{AA47DF86-58AF-40ED-AF16-C7FA3A2E560D}.Debug|Mixed Platforms.Build.0 = Debug|x86
		{AA47DF86-58AF-40ED-AF16-C7FA3A2E560D}.Debug|x86.ActiveCfg = Debug|x86
		{AA47DF86-58AF-40ED-AF16-C7FA3A2E560D}.Debug|x86.Build.0 = Debug|x86
		{AA47DF86-58AF-40ED-AF16-C7FA3A2E560D}.Release|Any CPU.ActiveCfg = Release|x86
		{AA47DF86-58AF-40ED-AF16-C7FA3A2E560D}.Release|Mixed Platforms.ActiveCfg = Release|x86
		{AA47DF86-58AF-40ED-AF16-C7FA3A2E560D}.Release|Mixed Platforms.Build.0 = Release|x86
		{AA47DF86-58AF-40ED-AF16-C7FA3A2E560D}.Release|x86.ActiveCfg = Release|x86
		{AA47DF86-58AF-40ED-AF16-C7FA3A2E560D}.Release|x86.Build.0 = Release|x86
		{06233917-67E7-4481-B918-77F8A9FC644F}.Debug|Any CPU.ActiveCfg = Debug|Any CPU
		{06233917-67E7-4481-B918-77F8A9FC644F}.Debug|Any CPU.Build.0 = Debug|Any CPU
		{06233917-67E7-4481-B918-77F8A9FC644F}.Debug|Mixed Platforms.ActiveCfg = Debug|Any CPU
		{06233917-67E7-4481-B918-77F8A9FC644F}.Debug|Mixed Platforms.Build.0 = Debug|Any CPU
		{06233917-67E7-4481-B918-77F8A9FC644F}.Debug|x86.ActiveCfg = Debug|Any CPU
		{06233917-67E7-4481-B918-77F8A9FC644F}.Release|Any CPU.ActiveCfg = Release|Any CPU
		{06233917-67E7-4481-B918-77F8A9FC644F}.Release|Any CPU.Build.0 = Release|Any CPU
		{06233917-67E7-4481-B918-77F8A9FC644F}.Release|Mixed Platforms.ActiveCfg = Release|Any CPU
		{06233917-67E7-4481-B918-77F8A9FC644F}.Release|Mixed Platforms.Build.0 = Release|Any CPU
		{06233917-67E7-4481-B918-77F8A9FC644F}.Release|x86.ActiveCfg = Release|Any CPU
	EndGlobalSection
	GlobalSection(SolutionProperties) = preSolution
		HideSolutionNode = FALSE
	EndGlobalSection
EndGlobal
