
Microsoft Visual Studio Solution File, Format Version 12.00
# Visual Studio 15
VisualStudioVersion = 15.0.28307.1401
MinimumVisualStudioVersion = 10.0.40219.1
Project("{FAE04EC0-301F-11D3-BF4B-00C04F79EFBC}") = "w", "w\w.csproj", "{E06D31B6-71C4-4615-B36F-2686D0AD6680}"
EndProject
Global
	GlobalSection(SolutionConfigurationPlatforms) = preSolution
		Debug|Any CPU = Debug|Any CPU
		Release|Any CPU = Release|Any CPU
	EndGlobalSection
	GlobalSection(ProjectConfigurationPlatforms) = postSolution
		{E06D31B6-71C4-4615-B36F-2686D0AD6680}.Debug|Any CPU.ActiveCfg = Debug|Any CPU
		{E06D31B6-71C4-4615-B36F-2686D0AD6680}.Debug|Any CPU.Build.0 = Debug|Any CPU
		{E06D31B6-71C4-4615-B36F-2686D0AD6680}.Release|Any CPU.ActiveCfg = Release|Any CPU
		{E06D31B6-71C4-4615-B36F-2686D0AD6680}.Release|Any CPU.Build.0 = Release|Any CPU
	EndGlobalSection
	GlobalSection(SolutionProperties) = preSolution
		HideSolutionNode = FALSE
	EndGlobalSection
	GlobalSection(ExtensibilityGlobals) = postSolution
		SolutionGuid = {259DB4C1-15B0-496D-8E37-0F2F5E34F9F4}
	EndGlobalSection
EndGlobal
