
Microsoft Visual Studio Solution File, Format Version 12.00
# Visual Studio 15
VisualStudioVersion = 15.0.28307.1525
MinimumVisualStudioVersion = 10.0.40219.1
Project("{8BC9CEB8-8B4A-11D0-8D11-00A0C91BC942}") = "SFRLib", "SFRLib\SFRLib.vcxproj", "{4EEF9C8A-EE56-48E0-8795-9E35B4DE18FC}"
EndProject
Global
	GlobalSection(SolutionConfigurationPlatforms) = preSolution
		Debug|x64 = Debug|x64
		Debug|x86 = Debug|x86
		Release|x64 = Release|x64
		Release|x86 = Release|x86
	EndGlobalSection
	GlobalSection(ProjectConfigurationPlatforms) = postSolution
		{4EEF9C8A-EE56-48E0-8795-9E35B4DE18FC}.Debug|x64.ActiveCfg = Debug|x64
		{4EEF9C8A-EE56-48E0-8795-9E35B4DE18FC}.Debug|x64.Build.0 = Debug|x64
		{4EEF9C8A-EE56-48E0-8795-9E35B4DE18FC}.Debug|x86.ActiveCfg = Debug|Win32
		{4EEF9C8A-EE56-48E0-8795-9E35B4DE18FC}.Debug|x86.Build.0 = Debug|Win32
		{4EEF9C8A-EE56-48E0-8795-9E35B4DE18FC}.Release|x64.ActiveCfg = Release|x64
		{4EEF9C8A-EE56-48E0-8795-9E35B4DE18FC}.Release|x64.Build.0 = Release|x64
		{4EEF9C8A-EE56-48E0-8795-9E35B4DE18FC}.Release|x86.ActiveCfg = Release|Win32
		{4EEF9C8A-EE56-48E0-8795-9E35B4DE18FC}.Release|x86.Build.0 = Release|Win32
	EndGlobalSection
	GlobalSection(SolutionProperties) = preSolution
		HideSolutionNode = FALSE
	EndGlobalSection
	GlobalSection(ExtensibilityGlobals) = postSolution
		SolutionGuid = {0D639673-1EE6-4800-8813-4D2BDC76682E}
	EndGlobalSection
EndGlobal
