
Microsoft Visual Studio Solution File, Format Version 12.00
# Visual Studio 15
VisualStudioVersion = 15.0.28307.1525
MinimumVisualStudioVersion = 10.0.40219.1
Project("{FAE04EC0-301F-11D3-BF4B-00C04F79EFBC}") = "MTFCalculator", "MTFCalculator\MTFCalculator.csproj", "{FBDBF909-D295-453A-8A08-F86D06AF3926}"
EndProject
Global
	GlobalSection(SolutionConfigurationPlatforms) = preSolution
		Debug|Any CPU = Debug|Any CPU
		Release|Any CPU = Release|Any CPU
	EndGlobalSection
	GlobalSection(ProjectConfigurationPlatforms) = postSolution
		{FBDBF909-D295-453A-8A08-F86D06AF3926}.Debug|Any CPU.ActiveCfg = Debug|Any CPU
		{FBDBF909-D295-453A-8A08-F86D06AF3926}.Debug|Any CPU.Build.0 = Debug|Any CPU
		{FBDBF909-D295-453A-8A08-F86D06AF3926}.Release|Any CPU.ActiveCfg = Release|Any CPU
		{FBDBF909-D295-453A-8A08-F86D06AF3926}.Release|Any CPU.Build.0 = Release|Any CPU
	EndGlobalSection
	GlobalSection(SolutionProperties) = preSolution
		HideSolutionNode = FALSE
	EndGlobalSection
	GlobalSection(ExtensibilityGlobals) = postSolution
		SolutionGuid = {AE528B23-4EE8-4C8A-ACD9-D9707BA2AD2D}
	EndGlobalSection
EndGlobal
