
Microsoft Visual Studio Solution File, Format Version 11.00
# Visual Studio 2010
Project("{FAE04EC0-301F-11D3-BF4B-00C04F79EFBC}") = "Katod.Library.Equipment.Termodat", "Katod.Library.Equipment.Termodat.csproj", "{EF2F362B-C760-47B1-B966-9BBAB9A6CA29}"
EndProject
Global
	GlobalSection(SolutionConfigurationPlatforms) = preSolution
		Debug|Any CPU = Debug|Any CPU
		Release|Any CPU = Release|Any CPU
	EndGlobalSection
	GlobalSection(ProjectConfigurationPlatforms) = postSolution
		{EF2F362B-C760-47B1-B966-9BBAB9A6CA29}.Debug|Any CPU.ActiveCfg = Debug|Any CPU
		{EF2F362B-C760-47B1-B966-9BBAB9A6CA29}.Debug|Any CPU.Build.0 = Debug|Any CPU
		{EF2F362B-C760-47B1-B966-9BBAB9A6CA29}.Release|Any CPU.ActiveCfg = Release|Any CPU
		{EF2F362B-C760-47B1-B966-9BBAB9A6CA29}.Release|Any CPU.Build.0 = Release|Any CPU
	EndGlobalSection
	GlobalSection(SolutionProperties) = preSolution
		HideSolutionNode = FALSE
	EndGlobalSection
EndGlobal
